
Microsoft Visual Studio Solution File, Format Version 12.00
# Visual Studio Version 17
VisualStudioVersion = 17.14.36616.10 d17.14
MinimumVisualStudioVersion = 10.0.40219.1
Project("{FAE04EC0-301F-11D3-BF4B-00C04F79EFBC}") = "Sankhya.Rupaantran.ExcelWebAddIn", "Sankhya.Rupaantran.ExcelWebAddIn.csproj", "{6DF4AC56-0DCF-47D4-8DBC-4E224C0494A7}"
EndProject
Project("{FAE04EC0-301F-11D3-BF4B-00C04F79EFBC}") = "Sankhya.Rupaantran.ExcelWebAddInWeb", "..\Sankhya.Rupaantran.ExcelWebAddInWeb\Sankhya.Rupaantran.ExcelWebAddInWeb.csproj", "{FFE7553F-B000-4A42-81D7-248EBF3DF067}"
EndProject
Global
	GlobalSection(SolutionConfigurationPlatforms) = preSolution
		Debug|Any CPU = Debug|Any CPU
		Release|Any CPU = Release|Any CPU
	EndGlobalSection
	GlobalSection(ProjectConfigurationPlatforms) = postSolution
		{6DF4AC56-0DCF-47D4-8DBC-4E224C0494A7}.Debug|Any CPU.ActiveCfg = Debug|Any CPU
		{6DF4AC56-0DCF-47D4-8DBC-4E224C0494A7}.Debug|Any CPU.Build.0 = Debug|Any CPU
		{6DF4AC56-0DCF-47D4-8DBC-4E224C0494A7}.Debug|Any CPU.Deploy.0 = Debug|Any CPU
		{6DF4AC56-0DCF-47D4-8DBC-4E224C0494A7}.Release|Any CPU.ActiveCfg = Release|Any CPU
		{6DF4AC56-0DCF-47D4-8DBC-4E224C0494A7}.Release|Any CPU.Build.0 = Release|Any CPU
		{6DF4AC56-0DCF-47D4-8DBC-4E224C0494A7}.Release|Any CPU.Deploy.0 = Release|Any CPU
		{FFE7553F-B000-4A42-81D7-248EBF3DF067}.Debug|Any CPU.ActiveCfg = Debug|Any CPU
		{FFE7553F-B000-4A42-81D7-248EBF3DF067}.Debug|Any CPU.Build.0 = Debug|Any CPU
		{FFE7553F-B000-4A42-81D7-248EBF3DF067}.Release|Any CPU.ActiveCfg = Release|Any CPU
		{FFE7553F-B000-4A42-81D7-248EBF3DF067}.Release|Any CPU.Build.0 = Release|Any CPU
	EndGlobalSection
	GlobalSection(SolutionProperties) = preSolution
		HideSolutionNode = FALSE
	EndGlobalSection
	GlobalSection(ExtensibilityGlobals) = postSolution
		SolutionGuid = {3B52D1F7-96F2-4B14-8702-7456DDFADE54}
	EndGlobalSection
EndGlobal
